
Microsoft Visual Studio Solution File, Format Version 12.00
# Visual Studio 2012
Project("{FAE04EC0-301F-11D3-BF4B-00C04F79EFBC}") = "ClothingStoreWeb", "ClothingStoreWeb\ClothingStoreWeb.csproj", "{EB3017BA-8617-46F3-9B2E-E7873081E6A9}"
EndProject
Project("{FAE04EC0-301F-11D3-BF4B-00C04F79EFBC}") = "Udem.LlamaClothingCo.Managers", "..\..\..\GitHub\Llama\Udem.LlamaClothingCo\Data Access Layer\Udem.LlamaClothingCo.Managers\Udem.LlamaClothingCo.Managers.csproj", "{F54D6516-CB53-4A91-A693-BE3FB6B9877A}"
EndProject
Project("{FAE04EC0-301F-11D3-BF4B-00C04F79EFBC}") = "Udem.LlamaClothingCo.Entities", "..\..\..\GitHub\Llama\Udem.LlamaClothingCo\Data Access Layer\Udem.LlamaClothingCo.Entities\Udem.LlamaClothingCo.Entities.csproj", "{E7DBDDA0-9CFE-45E0-A822-C9D0EB1124D7}"
EndProject
Project("{FAE04EC0-301F-11D3-BF4B-00C04F79EFBC}") = "Udem.LlamaClothingCo.Business", "..\..\..\GitHub\Llama\Udem.LlamaClothingCo\Business Layer\Udem.LlamaClothingCo.Business\Udem.LlamaClothingCo.Business.csproj", "{2AD7D8B6-0D54-4967-AA1C-BE68399B61C7}"
EndProject
Global
	GlobalSection(SolutionConfigurationPlatforms) = preSolution
		Debug|Any CPU = Debug|Any CPU
		Debug|Mixed Platforms = Debug|Mixed Platforms
		Debug|x86 = Debug|x86
		Release|Any CPU = Release|Any CPU
		Release|Mixed Platforms = Release|Mixed Platforms
		Release|x86 = Release|x86
	EndGlobalSection
	GlobalSection(ProjectConfigurationPlatforms) = postSolution
		{EB3017BA-8617-46F3-9B2E-E7873081E6A9}.Debug|Any CPU.ActiveCfg = Debug|Any CPU
		{EB3017BA-8617-46F3-9B2E-E7873081E6A9}.Debug|Any CPU.Build.0 = Debug|Any CPU
		{EB3017BA-8617-46F3-9B2E-E7873081E6A9}.Debug|Mixed Platforms.ActiveCfg = Debug|Any CPU
		{EB3017BA-8617-46F3-9B2E-E7873081E6A9}.Debug|Mixed Platforms.Build.0 = Debug|Any CPU
		{EB3017BA-8617-46F3-9B2E-E7873081E6A9}.Debug|x86.ActiveCfg = Debug|Any CPU
		{EB3017BA-8617-46F3-9B2E-E7873081E6A9}.Release|Any CPU.ActiveCfg = Release|Any CPU
		{EB3017BA-8617-46F3-9B2E-E7873081E6A9}.Release|Any CPU.Build.0 = Release|Any CPU
		{EB3017BA-8617-46F3-9B2E-E7873081E6A9}.Release|Mixed Platforms.ActiveCfg = Release|Any CPU
		{EB3017BA-8617-46F3-9B2E-E7873081E6A9}.Release|Mixed Platforms.Build.0 = Release|Any CPU
		{EB3017BA-8617-46F3-9B2E-E7873081E6A9}.Release|x86.ActiveCfg = Release|Any CPU
		{F54D6516-CB53-4A91-A693-BE3FB6B9877A}.Debug|Any CPU.ActiveCfg = Debug|Any CPU
		{F54D6516-CB53-4A91-A693-BE3FB6B9877A}.Debug|Any CPU.Build.0 = Debug|Any CPU
		{F54D6516-CB53-4A91-A693-BE3FB6B9877A}.Debug|Mixed Platforms.ActiveCfg = Debug|x86
		{F54D6516-CB53-4A91-A693-BE3FB6B9877A}.Debug|Mixed Platforms.Build.0 = Debug|x86
		{F54D6516-CB53-4A91-A693-BE3FB6B9877A}.Debug|x86.ActiveCfg = Debug|x86
		{F54D6516-CB53-4A91-A693-BE3FB6B9877A}.Debug|x86.Build.0 = Debug|x86
		{F54D6516-CB53-4A91-A693-BE3FB6B9877A}.Release|Any CPU.ActiveCfg = Release|Any CPU
		{F54D6516-CB53-4A91-A693-BE3FB6B9877A}.Release|Any CPU.Build.0 = Release|Any CPU
		{F54D6516-CB53-4A91-A693-BE3FB6B9877A}.Release|Mixed Platforms.ActiveCfg = Release|x86
		{F54D6516-CB53-4A91-A693-BE3FB6B9877A}.Release|Mixed Platforms.Build.0 = Release|x86
		{F54D6516-CB53-4A91-A693-BE3FB6B9877A}.Release|x86.ActiveCfg = Release|x86
		{F54D6516-CB53-4A91-A693-BE3FB6B9877A}.Release|x86.Build.0 = Release|x86
		{E7DBDDA0-9CFE-45E0-A822-C9D0EB1124D7}.Debug|Any CPU.ActiveCfg = Debug|x86
		{E7DBDDA0-9CFE-45E0-A822-C9D0EB1124D7}.Debug|Mixed Platforms.ActiveCfg = Debug|x86
		{E7DBDDA0-9CFE-45E0-A822-C9D0EB1124D7}.Debug|Mixed Platforms.Build.0 = Debug|x86
		{E7DBDDA0-9CFE-45E0-A822-C9D0EB1124D7}.Debug|x86.ActiveCfg = Debug|x86
		{E7DBDDA0-9CFE-45E0-A822-C9D0EB1124D7}.Debug|x86.Build.0 = Debug|x86
		{E7DBDDA0-9CFE-45E0-A822-C9D0EB1124D7}.Release|Any CPU.ActiveCfg = Release|x86
		{E7DBDDA0-9CFE-45E0-A822-C9D0EB1124D7}.Release|Mixed Platforms.ActiveCfg = Release|x86
		{E7DBDDA0-9CFE-45E0-A822-C9D0EB1124D7}.Release|Mixed Platforms.Build.0 = Release|x86
		{E7DBDDA0-9CFE-45E0-A822-C9D0EB1124D7}.Release|x86.ActiveCfg = Release|x86
		{E7DBDDA0-9CFE-45E0-A822-C9D0EB1124D7}.Release|x86.Build.0 = Release|x86
		{2AD7D8B6-0D54-4967-AA1C-BE68399B61C7}.Debug|Any CPU.ActiveCfg = Debug|Any CPU
		{2AD7D8B6-0D54-4967-AA1C-BE68399B61C7}.Debug|Any CPU.Build.0 = Debug|Any CPU
		{2AD7D8B6-0D54-4967-AA1C-BE68399B61C7}.Debug|Mixed Platforms.ActiveCfg = Debug|Any CPU
		{2AD7D8B6-0D54-4967-AA1C-BE68399B61C7}.Debug|Mixed Platforms.Build.0 = Debug|Any CPU
		{2AD7D8B6-0D54-4967-AA1C-BE68399B61C7}.Debug|x86.ActiveCfg = Debug|Any CPU
		{2AD7D8B6-0D54-4967-AA1C-BE68399B61C7}.Release|Any CPU.ActiveCfg = Release|Any CPU
		{2AD7D8B6-0D54-4967-AA1C-BE68399B61C7}.Release|Any CPU.Build.0 = Release|Any CPU
		{2AD7D8B6-0D54-4967-AA1C-BE68399B61C7}.Release|Mixed Platforms.ActiveCfg = Release|Any CPU
		{2AD7D8B6-0D54-4967-AA1C-BE68399B61C7}.Release|Mixed Platforms.Build.0 = Release|Any CPU
		{2AD7D8B6-0D54-4967-AA1C-BE68399B61C7}.Release|x86.ActiveCfg = Release|Any CPU
	EndGlobalSection
	GlobalSection(SolutionProperties) = preSolution
		HideSolutionNode = FALSE
	EndGlobalSection
EndGlobal
